{
  "version": 4,
  "terraform_version": "1.0.4",
  "serial": 10,
  "lineage": "3ad7607e-e29d-20bc-784c-d79fcc082fa3",
  "outputs": {},
  "resources": [
    {
      "mode": "managed",
      "type": "aws_eks_cluster",
      "name": "aws_eks",
      "provider": "provider[\"registry.terraform.io/hashicorp/aws\"]",
      "instances": [
        {
          "schema_version": 0,
          "attributes": {
            "arn": "arn:aws:eks:ap-southeast-1:768461982891:cluster/PhatNguyen",
            "certificate_authority": [
              {
                "data": "LS0tLS1CRUdJTiBDRVJUSUZJQ0FURS0tLS0tCk1JSUM1ekNDQWMrZ0F3SUJBZ0lCQURBTkJna3Foa2lHOXcwQkFRc0ZBREFWTVJNd0VRWURWUVFERXdwcmRXSmwKY201bGRHVnpNQjRYRFRJeE1EZ3dOekE1TkRRd00xb1hEVE14TURnd05UQTVORFF3TTFvd0ZURVRNQkVHQTFVRQpBeE1LYTNWaVpYSnVaWFJsY3pDQ0FTSXdEUVlKS29aSWh2Y05BUUVCQlFBRGdnRVBBRENDQVFvQ2dnRUJBSm8xCkFVei9mbmNYcXY0ZnFLNTg0a1I1Z3FLRzUwN2V4UndxYjNsdDVXM1luOWw2L3BxOTd2UmUvZVJTNmRBWnM0TUIKLzVhODlFSHQ1U21ybW1KMTJkcnlrZWtwNEoveGdLYkZoMlhaeHczYm4rUVRsVlpLQnVJQ205cDIxYXUxVGJDcQpiMERaazhpdlZIdDhJL1JDUktmc3BPN1didHljSnArU2VjNUxPZ0NnREIrRCtqZU40cHhOTGp1STVNTTBMQW1lCkVKTFBxeWVQTVFqUWkwcXJNVk1rQUpqTEpsbEJ4NXBHOXhzNzJweENUbUV0L3U5cWpBanNxSklNbWRQVnlNSVIKb05Ua2pMa3NCMnZ6STJHWGZqdEZ2Q3B5SFNHVUdwVVBobnkrN3BiR2xFYndaelFCbEFNV3NXeE83QjZMWkJ2VwpvUW9qM0J4NDNscjBSN0RyNXowQ0F3RUFBYU5DTUVBd0RnWURWUjBQQVFIL0JBUURBZ0trTUE4R0ExVWRFd0VCCi93UUZNQU1CQWY4d0hRWURWUjBPQkJZRUZDVGcxWEFWSCtNdXh3aU84Skx0cWVUQzdDU2tNQTBHQ1NxR1NJYjMKRFFFQkN3VUFBNElCQVFCZVF4OVkwaHRvaWNldVNuNzJyOEVqamtvdlZ4Y1hDeFFmbVNKYXpVOG9BZXpXaEdETQpNMDZrRUFNRkhhOHh1aHMvU0tIY2xMVkFLcXFyUlRSWjNuUkhiUExPRU03ejFxZlo0M2RQL2tEZ3lldWNQUTk5Cm5UR0F5UXViWnU2TnFRRmxPamZENUJMMlZJOGJzMG5nWFZndGhkUjFub1BVQUtuSENKcVBtcUN6YTdDY0xGL3EKa0I5U1Fvd2dHV2RQbkZuTE9mZlMxRjYxZWJLVXZSbmN0OXhrQjNsMHNlRU80ZDdoWU5hT01DZk5IU2dzQ3g4Zgp3SUxmQWoxVWwxczM3dnZQY1d0VTdXODhwc0t6bk5td3gwLzgveDFTWFM2UzlUNUtYYWNzZ3A1aGRMREpOcVVsClVwRm9LRkN4UXhJWmkweStJN1NsZGJ0QlErajQrYmRFWWFLUwotLS0tLUVORCBDRVJUSUZJQ0FURS0tLS0tCg=="
              }
            ],
            "created_at": "2021-08-07 09:37:48.52 +0000 UTC",
            "enabled_cluster_log_types": null,
            "encryption_config": [],
            "endpoint": "https://634828611868EC18B8365B81EF37F521.gr7.ap-southeast-1.eks.amazonaws.com",
            "id": "PhatNguyen",
            "identity": [
              {
                "oidc": [
                  {
                    "issuer": "https://oidc.eks.ap-southeast-1.amazonaws.com/id/634828611868EC18B8365B81EF37F521"
                  }
                ]
              }
            ],
            "kubernetes_network_config": [
              {
                "service_ipv4_cidr": "10.100.0.0/16"
              }
            ],
            "name": "PhatNguyen",
            "platform_version": "eks.2",
            "role_arn": "arn:aws:iam::768461982891:role/PhatNguyen",
            "status": "ACTIVE",
            "tags": {
              "Name": "myeks"
            },
            "tags_all": {
              "Name": "myeks"
            },
            "timeouts": null,
            "version": "1.20",
            "vpc_config": [
              {
                "cluster_security_group_id": "sg-08d99cff9aaad0191",
                "endpoint_private_access": false,
                "endpoint_public_access": true,
                "public_access_cidrs": [
                  "0.0.0.0/0"
                ],
                "security_group_ids": null,
                "subnet_ids": [
                  "subnet-0d5eb345",
                  "subnet-98f20efe",
                  "subnet-caf65d93"
                ],
                "vpc_id": "vpc-5e828a39"
              }
            ]
          },
          "sensitive_attributes": [],
          "private": "eyJlMmJmYjczMC1lY2FhLTExZTYtOGY4OC0zNDM2M2JjN2M0YzAiOnsiY3JlYXRlIjoxODAwMDAwMDAwMDAwLCJkZWxldGUiOjkwMDAwMDAwMDAwMCwidXBkYXRlIjozNjAwMDAwMDAwMDAwfX0=",
          "dependencies": [
            "aws_iam_role.eks_cluster"
          ]
        }
      ]
    },
    {
      "mode": "managed",
      "type": "aws_iam_role",
      "name": "eks_cluster",
      "provider": "provider[\"registry.terraform.io/hashicorp/aws\"]",
      "instances": [
        {
          "schema_version": 0,
          "attributes": {
            "arn": "arn:aws:iam::768461982891:role/PhatNguyen",
            "assume_role_policy": "{\"Version\":\"2012-10-17\",\"Statement\":[{\"Effect\":\"Allow\",\"Principal\":{\"Service\":\"eks.amazonaws.com\"},\"Action\":\"sts:AssumeRole\"}]}",
            "create_date": "2021-08-07T09:37:42Z",
            "description": "",
            "force_detach_policies": false,
            "id": "PhatNguyen",
            "inline_policy": [
              {
                "name": "",
                "policy": ""
              }
            ],
            "managed_policy_arns": [],
            "max_session_duration": 3600,
            "name": "PhatNguyen",
            "name_prefix": null,
            "path": "/",
            "permissions_boundary": null,
            "tags": null,
            "tags_all": {},
            "unique_id": "AROA3F27HJSV2L7SMFP6J"
          },
          "sensitive_attributes": [],
          "private": "bnVsbA=="
        }
      ]
    },
    {
      "mode": "managed",
      "type": "aws_iam_role",
      "name": "eks_nodes",
      "provider": "provider[\"registry.terraform.io/hashicorp/aws\"]",
      "instances": [
        {
          "schema_version": 0,
          "attributes": {
            "arn": "arn:aws:iam::768461982891:role/eks_ng_gp",
            "assume_role_policy": "{\"Version\":\"2012-10-17\",\"Statement\":[{\"Effect\":\"Allow\",\"Principal\":{\"Service\":\"ec2.amazonaws.com\"},\"Action\":\"sts:AssumeRole\"}]}",
            "create_date": "2021-08-07T09:37:42Z",
            "description": "",
            "force_detach_policies": false,
            "id": "eks_ng_gp",
            "inline_policy": [
              {
                "name": "",
                "policy": ""
              }
            ],
            "managed_policy_arns": [],
            "max_session_duration": 3600,
            "name": "eks_ng_gp",
            "name_prefix": null,
            "path": "/",
            "permissions_boundary": null,
            "tags": null,
            "tags_all": {},
            "unique_id": "AROA3F27HJSVVS5B36WL2"
          },
          "sensitive_attributes": [],
          "private": "bnVsbA=="
        }
      ]
    },
    {
      "mode": "managed",
      "type": "aws_iam_role_policy_attachment",
      "name": "AmazonEC2ContainerRegistryReadOnly",
      "provider": "provider[\"registry.terraform.io/hashicorp/aws\"]",
      "instances": [
        {
          "schema_version": 0,
          "attributes": {
            "id": "eks_ng_gp-20210807093748022600000002",
            "policy_arn": "arn:aws:iam::aws:policy/AmazonEC2ContainerRegistryReadOnly",
            "role": "eks_ng_gp"
          },
          "sensitive_attributes": [],
          "private": "bnVsbA==",
          "dependencies": [
            "aws_iam_role.eks_nodes"
          ]
        }
      ]
    },
    {
      "mode": "managed",
      "type": "aws_iam_role_policy_attachment",
      "name": "AmazonEKSClusterPolicy",
      "provider": "provider[\"registry.terraform.io/hashicorp/aws\"]",
      "instances": [
        {
          "schema_version": 0,
          "attributes": {
            "id": "PhatNguyen-20210807093748071800000005",
            "policy_arn": "arn:aws:iam::aws:policy/AmazonEKSClusterPolicy",
            "role": "PhatNguyen"
          },
          "sensitive_attributes": [],
          "private": "bnVsbA==",
          "dependencies": [
            "aws_iam_role.eks_cluster"
          ]
        }
      ]
    },
    {
      "mode": "managed",
      "type": "aws_iam_role_policy_attachment",
      "name": "AmazonEKSServicePolicy",
      "provider": "provider[\"registry.terraform.io/hashicorp/aws\"]",
      "instances": [
        {
          "schema_version": 0,
          "attributes": {
            "id": "PhatNguyen-20210807093748012600000001",
            "policy_arn": "arn:aws:iam::aws:policy/AmazonEKSServicePolicy",
            "role": "PhatNguyen"
          },
          "sensitive_attributes": [],
          "private": "bnVsbA==",
          "dependencies": [
            "aws_iam_role.eks_cluster"
          ]
        }
      ]
    },
    {
      "mode": "managed",
      "type": "aws_iam_role_policy_attachment",
      "name": "AmazonEKSWorkerNodePolicy",
      "provider": "provider[\"registry.terraform.io/hashicorp/aws\"]",
      "instances": [
        {
          "schema_version": 0,
          "attributes": {
            "id": "eks_ng_gp-20210807093748041600000003",
            "policy_arn": "arn:aws:iam::aws:policy/AmazonEKSWorkerNodePolicy",
            "role": "eks_ng_gp"
          },
          "sensitive_attributes": [],
          "private": "bnVsbA==",
          "dependencies": [
            "aws_iam_role.eks_nodes"
          ]
        }
      ]
    },
    {
      "mode": "managed",
      "type": "aws_iam_role_policy_attachment",
      "name": "AmazonEKS_CNI_Policy",
      "provider": "provider[\"registry.terraform.io/hashicorp/aws\"]",
      "instances": [
        {
          "schema_version": 0,
          "attributes": {
            "id": "eks_ng_gp-20210807093748048000000004",
            "policy_arn": "arn:aws:iam::aws:policy/AmazonEKS_CNI_Policy",
            "role": "eks_ng_gp"
          },
          "sensitive_attributes": [],
          "private": "bnVsbA==",
          "dependencies": [
            "aws_iam_role.eks_nodes"
          ]
        }
      ]
    }
  ]
}
